schema: '2.0'
stages:
  imaging_ingestion:
    cmd: python main.py pipeline --stage ingest --pipeline imaging
    deps:
    - path: app/components/imaging/data_ingestion.py
      hash: md5
      md5: 0975b91ac5f7f45331309768f07b31a4
      size: 1287
    - path: app/config/configuration.py
      hash: md5
      md5: d1926b5f95917cd9d811adc4a4240df8
      size: 6639
    - path: app/entity/config_entity.py
      hash: md5
      md5: ef8146d7975e76e99a998b6bb5d7564f
      size: 2163
    - path: config/config.yaml
      hash: md5
      md5: 9518a1953ce13a489fad1ce781600e1e
      size: 2549
    - path: main.py
      hash: md5
      md5: 26a18fb92bc2752e5998a9cc03b3db63
      size: 3824
    outs:
    - path: artifacts/data/raw/huggingface/train
      hash: md5
      md5: 2832cf747d54db3baa834bbb68b5cc4e.dir
      size: 929793681
      nfiles: 4
  imaging_cleaning:
    cmd: python main.py pipeline --stage clean --pipeline imaging
    deps:
    - path: app/components/imaging/data_cleaning.py
      hash: md5
      md5: 6cdfacf453bc4a2c0b033b9a1aa17e13
      size: 1527
    - path: app/config/configuration.py
      hash: md5
      md5: d1926b5f95917cd9d811adc4a4240df8
      size: 6639
    - path: artifacts/data/raw/huggingface/train
      hash: md5
      md5: 76c2137b608e56f0bf513982958ece49.dir
      size: 929875729
      nfiles: 6
    - path: config/config.yaml
      hash: md5
      md5: 9518a1953ce13a489fad1ce781600e1e
      size: 2549
    - path: main.py
      hash: md5
      md5: 26a18fb92bc2752e5998a9cc03b3db63
      size: 3824
    outs:
    - path: artifacts/data/raw/huggingface/train_clean
      hash: md5
      md5: 967491b2c16c4d3a1c85cec4cd5a093d.dir
      size: 929793681
      nfiles: 4
  imaging_transformation:
    cmd: python main.py pipeline --stage transform --pipeline imaging
    deps:
    - path: app/components/imaging/data_transformation.py
      hash: md5
      md5: 36262d7019c40fbda831c64c2c341c04
      size: 4856
    - path: app/config/configuration.py
      hash: md5
      md5: d1926b5f95917cd9d811adc4a4240df8
      size: 6639
    - path: artifacts/data/raw/huggingface/train_clean
      hash: md5
      md5: 967491b2c16c4d3a1c85cec4cd5a093d.dir
      size: 929793681
      nfiles: 4
    - path: artifacts/ocr/output/reports.csv
      hash: md5
      md5: 7e59e67f8a287037a9cf7c9531146503
      size: 55116
    - path: config/config.yaml
      hash: md5
      md5: 9518a1953ce13a489fad1ce781600e1e
      size: 2549
    - path: config/params.yaml
      hash: md5
      md5: 96a4af0ab6858fd2d3ca97650fe02728
      size: 1846
    - path: config/schema.yaml
      hash: md5
      md5: 1a5bb3ffdbbb6da77e6f4a51721bc729
      size: 2028
    - path: main.py
      hash: md5
      md5: 26a18fb92bc2752e5998a9cc03b3db63
      size: 3824
    outs:
    - path: artifacts/data/processed/imaging/images
      hash: md5
      md5: 96bb6d663f7274896d4458026cc744ff.dir
      size: 293941924
      nfiles: 5028
    - path: artifacts/data/processed/imaging/samaya.csv
      hash: md5
      md5: 48e2ed5b5ecd14bc3b5ce68998fff407
      size: 1779
    - path: artifacts/data/processed/imaging/test.csv
      hash: md5
      md5: 40ccbd59e9bcec9720fa9e0f4da90fdc
      size: 71817
    - path: artifacts/data/processed/imaging/train.csv
      hash: md5
      md5: f044d94ccc49a4c276d383d45baff8ee
      size: 291121
  imaging_training:
    cmd: python main.py pipeline --stage train --pipeline imaging
    deps:
    - path: app/components/imaging/model_trainer.py
      hash: md5
      md5: c622968d6402f8a7479d8976fcfb64b3
      size: 9536
    - path: app/config/configuration.py
      hash: md5
      md5: d1926b5f95917cd9d811adc4a4240df8
      size: 6639
    - path: artifacts/data/processed/imaging/test.csv
      hash: md5
      md5: 40ccbd59e9bcec9720fa9e0f4da90fdc
      size: 71817
    - path: artifacts/data/processed/imaging/train.csv
      hash: md5
      md5: f044d94ccc49a4c276d383d45baff8ee
      size: 291121
    - path: config/config.yaml
      hash: md5
      md5: 9518a1953ce13a489fad1ce781600e1e
      size: 2549
    - path: config/params.yaml
      hash: md5
      md5: 96a4af0ab6858fd2d3ca97650fe02728
      size: 1846
    - path: main.py
      hash: md5
      md5: 26a18fb92bc2752e5998a9cc03b3db63
      size: 3824
    outs:
    - path: artifacts/model/imaging/model.pth
      hash: md5
      md5: 61199f9f69c586d1458e0f7c4081dc91
      size: 43338043
  imaging_evaluation:
    cmd: python main.py pipeline --stage evaluate --pipeline imaging
    deps:
    - path: app/components/imaging/model_evaluation.py
      hash: md5
      md5: aa467b503f41e0aa21934f7f0d66d1fe
      size: 7729
    - path: app/config/configuration.py
      hash: md5
      md5: d1926b5f95917cd9d811adc4a4240df8
      size: 6639
    - path: artifacts/data/processed/imaging/samaya.csv
      hash: md5
      md5: 48e2ed5b5ecd14bc3b5ce68998fff407
      size: 1779
    - path: artifacts/data/processed/imaging/test.csv
      hash: md5
      md5: 40ccbd59e9bcec9720fa9e0f4da90fdc
      size: 71817
    - path: artifacts/model/imaging/model.pth
      hash: md5
      md5: 61199f9f69c586d1458e0f7c4081dc91
      size: 43338043
    - path: config/config.yaml
      hash: md5
      md5: 9518a1953ce13a489fad1ce781600e1e
      size: 2549
    - path: config/params.yaml
      hash: md5
      md5: 96a4af0ab6858fd2d3ca97650fe02728
      size: 1846
    - path: main.py
      hash: md5
      md5: 26a18fb92bc2752e5998a9cc03b3db63
      size: 3824
    outs:
    - path: artifacts/model/imaging/metrics.json
      hash: md5
      md5: 3a39c1d3e2afe3d8cff9ba224e829a28
      size: 3579
  clinical_ingestion:
    cmd: python main.py pipeline --stage ingest --pipeline clinical
    deps:
    - path: app/components/clinical/data_ingestion.py
      hash: md5
      md5: 0d9fcb51e950ead1ee5e603c3a4c51d4
      size: 1370
    - path: app/config/configuration.py
      hash: md5
      md5: d1926b5f95917cd9d811adc4a4240df8
      size: 6639
    - path: artifacts/ocr/output/reports.csv
      hash: md5
      md5: 7e59e67f8a287037a9cf7c9531146503
      size: 55116
    - path: config/config.yaml
      hash: md5
      md5: 9518a1953ce13a489fad1ce781600e1e
      size: 2549
    - path: main.py
      hash: md5
      md5: 26a18fb92bc2752e5998a9cc03b3db63
      size: 3824
    outs:
    - path: artifacts/data/processed/clinical/raw.csv
      hash: md5
      md5: 7e59e67f8a287037a9cf7c9531146503
      size: 55116
  clinical_cleaning:
    cmd: python main.py pipeline --stage clean --pipeline clinical
    deps:
    - path: app/components/clinical/data_cleaning.py
      hash: md5
      md5: d663b055c47d056566acb0bdd4d9c22c
      size: 2129
    - path: app/config/configuration.py
      hash: md5
      md5: d1926b5f95917cd9d811adc4a4240df8
      size: 6639
    - path: artifacts/data/processed/clinical/raw.csv
      hash: md5
      md5: 7e59e67f8a287037a9cf7c9531146503
      size: 55116
    - path: config/config.yaml
      hash: md5
      md5: 9518a1953ce13a489fad1ce781600e1e
      size: 2549
    - path: config/schema.yaml
      hash: md5
      md5: 1a5bb3ffdbbb6da77e6f4a51721bc729
      size: 2028
    - path: main.py
      hash: md5
      md5: 26a18fb92bc2752e5998a9cc03b3db63
      size: 3824
    outs:
    - path: artifacts/data/processed/clinical/cleaned.csv
      hash: md5
      md5: 27d711d6cada20398c273bcd972cd261
      size: 20045
  clinical_transformation:
    cmd: python main.py pipeline --stage transform --pipeline clinical
    deps:
    - path: app/components/clinical/data_transformation.py
      hash: md5
      md5: 743dcfd30b163a20ba1effc96acb46dc
      size: 3310
    - path: app/config/configuration.py
      hash: md5
      md5: d1926b5f95917cd9d811adc4a4240df8
      size: 6639
    - path: artifacts/data/processed/clinical/cleaned.csv
      hash: md5
      md5: 27d711d6cada20398c273bcd972cd261
      size: 20045
    - path: config/config.yaml
      hash: md5
      md5: 9518a1953ce13a489fad1ce781600e1e
      size: 2549
    - path: config/params.yaml
      hash: md5
      md5: 96a4af0ab6858fd2d3ca97650fe02728
      size: 1846
    - path: config/schema.yaml
      hash: md5
      md5: 1a5bb3ffdbbb6da77e6f4a51721bc729
      size: 2028
    - path: main.py
      hash: md5
      md5: 26a18fb92bc2752e5998a9cc03b3db63
      size: 3824
    outs:
    - path: artifacts/data/processed/clinical/features.json
      hash: md5
      md5: 4cd84cf297f28fef1d7d112a03b022c5
      size: 1278
    - path: artifacts/data/processed/clinical/test.csv
      hash: md5
      md5: 5cf31df8fd0e5675161de6d3e76ed3b7
      size: 652
    - path: artifacts/data/processed/clinical/train.csv
      hash: md5
      md5: 0c8e9e18b23a25f46c33300337210922
      size: 1412
  clinical_training:
    cmd: python main.py pipeline --stage train --pipeline clinical
    deps:
    - path: app/components/clinical/model_trainer.py
      hash: md5
      md5: 8f3e0e438312c5fb5e822aa0ba9ec009
      size: 5875
    - path: app/config/configuration.py
      hash: md5
      md5: d1926b5f95917cd9d811adc4a4240df8
      size: 6639
    - path: artifacts/data/processed/clinical/features.json
      hash: md5
      md5: 4cd84cf297f28fef1d7d112a03b022c5
      size: 1278
    - path: artifacts/data/processed/clinical/train.csv
      hash: md5
      md5: 0c8e9e18b23a25f46c33300337210922
      size: 1412
    - path: config/config.yaml
      hash: md5
      md5: 9518a1953ce13a489fad1ce781600e1e
      size: 2549
    - path: config/params.yaml
      hash: md5
      md5: 96a4af0ab6858fd2d3ca97650fe02728
      size: 1846
    - path: main.py
      hash: md5
      md5: 26a18fb92bc2752e5998a9cc03b3db63
      size: 3824
    outs:
    - path: artifacts/model/clinical/feature_importance.json
      hash: md5
      md5: 7b6925d2bf22e9dcd2009d1a3ca4bafa
      size: 1380
    - path: artifacts/model/clinical/model.pkl
      hash: md5
      md5: b86af343e86d9744d9f8c235c04e4823
      size: 723600
  clinical_evaluation:
    cmd: python main.py pipeline --stage evaluate --pipeline clinical
    deps:
    - path: app/components/clinical/model_evaluation.py
      hash: md5
      md5: 6d89dc6cc92df22a8418700beda41428
      size: 4990
    - path: app/config/configuration.py
      hash: md5
      md5: d1926b5f95917cd9d811adc4a4240df8
      size: 6639
    - path: artifacts/data/processed/clinical/test.csv
      hash: md5
      md5: 5cf31df8fd0e5675161de6d3e76ed3b7
      size: 652
    - path: artifacts/model/clinical/model.pkl
      hash: md5
      md5: b86af343e86d9744d9f8c235c04e4823
      size: 723600
    - path: config/config.yaml
      hash: md5
      md5: 9518a1953ce13a489fad1ce781600e1e
      size: 2549
    - path: config/params.yaml
      hash: md5
      md5: 96a4af0ab6858fd2d3ca97650fe02728
      size: 1846
    - path: main.py
      hash: md5
      md5: 26a18fb92bc2752e5998a9cc03b3db63
      size: 3824
    outs:
    - path: artifacts/model/clinical/metrics.json
      hash: md5
      md5: d835476a5d7607ccea7526a651d00bc2
      size: 1696
